
Microsoft Visual Studio Solution File, Format Version 12.00
# Visual Studio Version 17
VisualStudioVersion = 17.6.33620.401
MinimumVisualStudioVersion = 10.0.40219.1
Project("{9A19103F-16F7-4668-BE54-9A1E7A4F7556}") = "DstQueryBot", "DstQueryBot\DstQueryBot.csproj", "{FA820005-009E-46D5-BCAA-07B8B2604BAF}"
EndProject
Project("{2150E333-8FDC-42A3-9474-1A3956D46DE8}") = "解决方案项", "解决方案项", "{37C1382F-4C66-4861-8311-580C6F546012}"
	ProjectSection(SolutionItems) = preProject
		.gitignore = .gitignore
		README.md = README.md
	EndProjectSection
EndProject
Project("{FAE04EC0-301F-11D3-BF4B-00C04F79EFBC}") = "Test", "Test\Test.csproj", "{9EB5B088-A0B0-4C59-B34A-7145095CCC9D}"
EndProject
Global
	GlobalSection(SolutionConfigurationPlatforms) = preSolution
		Debug|Any CPU = Debug|Any CPU
		Release|Any CPU = Release|Any CPU
	EndGlobalSection
	GlobalSection(ProjectConfigurationPlatforms) = postSolution
		{FA820005-009E-46D5-BCAA-07B8B2604BAF}.Debug|Any CPU.ActiveCfg = Debug|Any CPU
		{FA820005-009E-46D5-BCAA-07B8B2604BAF}.Debug|Any CPU.Build.0 = Debug|Any CPU
		{FA820005-009E-46D5-BCAA-07B8B2604BAF}.Release|Any CPU.ActiveCfg = Release|Any CPU
		{FA820005-009E-46D5-BCAA-07B8B2604BAF}.Release|Any CPU.Build.0 = Release|Any CPU
		{9EB5B088-A0B0-4C59-B34A-7145095CCC9D}.Debug|Any CPU.ActiveCfg = Debug|Any CPU
		{9EB5B088-A0B0-4C59-B34A-7145095CCC9D}.Debug|Any CPU.Build.0 = Debug|Any CPU
		{9EB5B088-A0B0-4C59-B34A-7145095CCC9D}.Release|Any CPU.ActiveCfg = Release|Any CPU
		{9EB5B088-A0B0-4C59-B34A-7145095CCC9D}.Release|Any CPU.Build.0 = Release|Any CPU
	EndGlobalSection
	GlobalSection(SolutionProperties) = preSolution
		HideSolutionNode = FALSE
	EndGlobalSection
	GlobalSection(ExtensibilityGlobals) = postSolution
		SolutionGuid = {3FEF082C-5326-44AE-A4AE-D3B3233615F1}
	EndGlobalSection
EndGlobal
